
Microsoft Visual Studio Solution File, Format Version 12.00
# Visual Studio Version 16
VisualStudioVersion = 16.0.29709.97
MinimumVisualStudioVersion = 10.0.40219.1
Project("{888888A0-9F3D-457C-B088-3A5042F75D52}") = "fireplaceAhara", "fireplaceAhara\fireplaceAhara.pyproj", "{3A821027-032F-4BA3-B926-C85923C2D647}"
EndProject
Global
	GlobalSection(SolutionConfigurationPlatforms) = preSolution
		Debug|Any CPU = Debug|Any CPU
		Release|Any CPU = Release|Any CPU
	EndGlobalSection
	GlobalSection(ProjectConfigurationPlatforms) = postSolution
		{3A821027-032F-4BA3-B926-C85923C2D647}.Debug|Any CPU.ActiveCfg = Debug|Any CPU
		{3A821027-032F-4BA3-B926-C85923C2D647}.Debug|Any CPU.Build.0 = Debug|Any CPU
		{3A821027-032F-4BA3-B926-C85923C2D647}.Release|Any CPU.ActiveCfg = Release|Any CPU
		{3A821027-032F-4BA3-B926-C85923C2D647}.Release|Any CPU.Build.0 = Release|Any CPU
	EndGlobalSection
	GlobalSection(SolutionProperties) = preSolution
		HideSolutionNode = FALSE
	EndGlobalSection
	GlobalSection(ExtensibilityGlobals) = postSolution
		SolutionGuid = {BA4E6ADB-2A70-42AF-9B45-EF233A59E940}
	EndGlobalSection
EndGlobal
